{
  "originHash" : "2f26fe449d6a1c773ef1e07f38aa4b6a6d381c58cbc309230873a592f6a2267b",
  "pins" : [
    {
      "identity" : "corexlsx",
      "kind" : "remoteSourceControl",
      "location" : "https://github.com/CoreOffice/CoreXLSX",
      "state" : {
        "revision" : "1391f3832ea2eeee5186ea8abb81ea49ed0609cc",
        "version" : "0.14.2"
      }
    },
  "version" : 3
}